
Microsoft Visual Studio Solution File, Format Version 12.00
# Visual Studio Version 17
VisualStudioVersion = 17.6.33712.159
MinimumVisualStudioVersion = 10.0.40219.1
Project("{FAE04EC0-301F-11D3-BF4B-00C04F79EFBC}") = "Banco", "Banco\Banco.csproj", "{BF455B43-B066-46D5-858C-A143A0A61AEC}"
EndProject
Global
	GlobalSection(SolutionConfigurationPlatforms) = preSolution
		Debug|Any CPU = Debug|Any CPU
		Release|Any CPU = Release|Any CPU
	EndGlobalSection
	GlobalSection(ProjectConfigurationPlatforms) = postSolution
		{BF455B43-B066-46D5-858C-A143A0A61AEC}.Debug|Any CPU.ActiveCfg = Debug|Any CPU
		{BF455B43-B066-46D5-858C-A143A0A61AEC}.Debug|Any CPU.Build.0 = Debug|Any CPU
		{BF455B43-B066-46D5-858C-A143A0A61AEC}.Release|Any CPU.ActiveCfg = Release|Any CPU
		{BF455B43-B066-46D5-858C-A143A0A61AEC}.Release|Any CPU.Build.0 = Release|Any CPU
	EndGlobalSection
	GlobalSection(SolutionProperties) = preSolution
		HideSolutionNode = FALSE
	EndGlobalSection
	GlobalSection(ExtensibilityGlobals) = postSolution
		SolutionGuid = {B085E3E0-4D3C-4D3F-B214-87C41AF35D0F}
	EndGlobalSection
EndGlobal
